
Microsoft Visual Studio Solution File, Format Version 12.00
# Visual Studio 14
VisualStudioVersion = 14.0.23107.0
MinimumVisualStudioVersion = 10.0.40219.1
Project("{8BC9CEB8-8B4A-11D0-8D11-00A0C91BC942}") = "fmgon", "fmgon.vcxproj", "{C25589FE-F3BF-4442-9B81-54E2129100FB}"
EndProject
Project("{8BC9CEB8-8B4A-11D0-8D11-00A0C91BC942}") = "fmgon_test", "fmgon_test.vcxproj", "{6276F28E-7835-4A90-AE30-55811CC7550A}"
EndProject
Global
	GlobalSection(SolutionConfigurationPlatforms) = preSolution
		Debug|x64 = Debug|x64
		Debug|x86 = Debug|x86
		Release|x64 = Release|x64
		Release|x86 = Release|x86
	EndGlobalSection
	GlobalSection(ProjectConfigurationPlatforms) = postSolution
		{C25589FE-F3BF-4442-9B81-54E2129100FB}.Debug|x64.ActiveCfg = Debug|x64
		{C25589FE-F3BF-4442-9B81-54E2129100FB}.Debug|x64.Build.0 = Debug|x64
		{C25589FE-F3BF-4442-9B81-54E2129100FB}.Debug|x86.ActiveCfg = Debug|Win32
		{C25589FE-F3BF-4442-9B81-54E2129100FB}.Debug|x86.Build.0 = Debug|Win32
		{C25589FE-F3BF-4442-9B81-54E2129100FB}.Release|x64.ActiveCfg = Release|x64
		{C25589FE-F3BF-4442-9B81-54E2129100FB}.Release|x64.Build.0 = Release|x64
		{C25589FE-F3BF-4442-9B81-54E2129100FB}.Release|x86.ActiveCfg = Release|Win32
		{C25589FE-F3BF-4442-9B81-54E2129100FB}.Release|x86.Build.0 = Release|Win32
		{6276F28E-7835-4A90-AE30-55811CC7550A}.Debug|x64.ActiveCfg = Debug|x64
		{6276F28E-7835-4A90-AE30-55811CC7550A}.Debug|x64.Build.0 = Debug|x64
		{6276F28E-7835-4A90-AE30-55811CC7550A}.Debug|x86.ActiveCfg = Debug|Win32
		{6276F28E-7835-4A90-AE30-55811CC7550A}.Debug|x86.Build.0 = Debug|Win32
		{6276F28E-7835-4A90-AE30-55811CC7550A}.Release|x64.ActiveCfg = Release|x64
		{6276F28E-7835-4A90-AE30-55811CC7550A}.Release|x64.Build.0 = Release|x64
		{6276F28E-7835-4A90-AE30-55811CC7550A}.Release|x86.ActiveCfg = Release|Win32
		{6276F28E-7835-4A90-AE30-55811CC7550A}.Release|x86.Build.0 = Release|Win32
	EndGlobalSection
	GlobalSection(SolutionProperties) = preSolution
		HideSolutionNode = FALSE
	EndGlobalSection
EndGlobal
